
Microsoft Visual Studio Solution File, Format Version 12.00
# Visual Studio Version 17
VisualStudioVersion = 17.13.35806.99
MinimumVisualStudioVersion = 10.0.40219.1
Project("{8BC9CEB8-8B4A-11D0-8D11-00A0C91BC942}") = "polynomial_algebra", "polynomial_algebra\polynomial_algebra.vcxproj", "{9267BA27-7541-49DA-AD63-3303386CF2E0}"
EndProject
Project("{8BC9CEB8-8B4A-11D0-8D11-00A0C91BC942}") = "tables", "tables\tables.vcxproj", "{264E85FC-8568-46F3-9A97-4586090BE2A2}"
EndProject
Project("{8BC9CEB8-8B4A-11D0-8D11-00A0C91BC942}") = "polynom", "polynom\LAB1_POLYNOM.vcxproj", "{C0E3CF55-733D-4B81-8744-6DC3E2878AAA}"
EndProject
Project("{8BC9CEB8-8B4A-11D0-8D11-00A0C91BC942}") = "gtest", "gtest\gtest.vcxproj", "{232EC468-9716-45AC-9266-9018A2E3CA0C}"
EndProject
Project("{8BC9CEB8-8B4A-11D0-8D11-00A0C91BC942}") = "graphical_interface", "graphical_interface\graphical_interface.vcxproj", "{B6191E9C-29B0-4C09-B9F2-2F2E1C69677B}"
EndProject
Global
	GlobalSection(SolutionConfigurationPlatforms) = preSolution
		Debug|ARM64 = Debug|ARM64
		Debug|x64 = Debug|x64
		Debug|x86 = Debug|x86
		Release|ARM64 = Release|ARM64
		Release|x64 = Release|x64
		Release|x86 = Release|x86
	EndGlobalSection
	GlobalSection(ProjectConfigurationPlatforms) = postSolution
		{9267BA27-7541-49DA-AD63-3303386CF2E0}.Debug|ARM64.ActiveCfg = Debug|x64
		{9267BA27-7541-49DA-AD63-3303386CF2E0}.Debug|ARM64.Build.0 = Debug|x64
		{9267BA27-7541-49DA-AD63-3303386CF2E0}.Debug|x64.ActiveCfg = Debug|x64
		{9267BA27-7541-49DA-AD63-3303386CF2E0}.Debug|x64.Build.0 = Debug|x64
		{9267BA27-7541-49DA-AD63-3303386CF2E0}.Debug|x86.ActiveCfg = Debug|Win32
		{9267BA27-7541-49DA-AD63-3303386CF2E0}.Debug|x86.Build.0 = Debug|Win32
		{9267BA27-7541-49DA-AD63-3303386CF2E0}.Release|ARM64.ActiveCfg = Release|x64
		{9267BA27-7541-49DA-AD63-3303386CF2E0}.Release|ARM64.Build.0 = Release|x64
		{9267BA27-7541-49DA-AD63-3303386CF2E0}.Release|x64.ActiveCfg = Release|x64
		{9267BA27-7541-49DA-AD63-3303386CF2E0}.Release|x64.Build.0 = Release|x64
		{9267BA27-7541-49DA-AD63-3303386CF2E0}.Release|x86.ActiveCfg = Release|Win32
		{9267BA27-7541-49DA-AD63-3303386CF2E0}.Release|x86.Build.0 = Release|Win32
		{264E85FC-8568-46F3-9A97-4586090BE2A2}.Debug|ARM64.ActiveCfg = Debug|x64
		{264E85FC-8568-46F3-9A97-4586090BE2A2}.Debug|ARM64.Build.0 = Debug|x64
		{264E85FC-8568-46F3-9A97-4586090BE2A2}.Debug|x64.ActiveCfg = Debug|x64
		{264E85FC-8568-46F3-9A97-4586090BE2A2}.Debug|x64.Build.0 = Debug|x64
		{264E85FC-8568-46F3-9A97-4586090BE2A2}.Debug|x86.ActiveCfg = Debug|Win32
		{264E85FC-8568-46F3-9A97-4586090BE2A2}.Debug|x86.Build.0 = Debug|Win32
		{264E85FC-8568-46F3-9A97-4586090BE2A2}.Release|ARM64.ActiveCfg = Release|x64
		{264E85FC-8568-46F3-9A97-4586090BE2A2}.Release|ARM64.Build.0 = Release|x64
		{264E85FC-8568-46F3-9A97-4586090BE2A2}.Release|x64.ActiveCfg = Release|x64
		{264E85FC-8568-46F3-9A97-4586090BE2A2}.Release|x64.Build.0 = Release|x64
		{264E85FC-8568-46F3-9A97-4586090BE2A2}.Release|x86.ActiveCfg = Release|Win32
		{264E85FC-8568-46F3-9A97-4586090BE2A2}.Release|x86.Build.0 = Release|Win32
		{C0E3CF55-733D-4B81-8744-6DC3E2878AAA}.Debug|ARM64.ActiveCfg = Debug|x64
		{C0E3CF55-733D-4B81-8744-6DC3E2878AAA}.Debug|ARM64.Build.0 = Debug|x64
		{C0E3CF55-733D-4B81-8744-6DC3E2878AAA}.Debug|x64.ActiveCfg = Debug|x64
		{C0E3CF55-733D-4B81-8744-6DC3E2878AAA}.Debug|x64.Build.0 = Debug|x64
		{C0E3CF55-733D-4B81-8744-6DC3E2878AAA}.Debug|x86.ActiveCfg = Debug|Win32
		{C0E3CF55-733D-4B81-8744-6DC3E2878AAA}.Debug|x86.Build.0 = Debug|Win32
		{C0E3CF55-733D-4B81-8744-6DC3E2878AAA}.Release|ARM64.ActiveCfg = Release|x64
		{C0E3CF55-733D-4B81-8744-6DC3E2878AAA}.Release|ARM64.Build.0 = Release|x64
		{C0E3CF55-733D-4B81-8744-6DC3E2878AAA}.Release|x64.ActiveCfg = Release|x64
		{C0E3CF55-733D-4B81-8744-6DC3E2878AAA}.Release|x64.Build.0 = Release|x64
		{C0E3CF55-733D-4B81-8744-6DC3E2878AAA}.Release|x86.ActiveCfg = Release|Win32
		{C0E3CF55-733D-4B81-8744-6DC3E2878AAA}.Release|x86.Build.0 = Release|Win32
		{232EC468-9716-45AC-9266-9018A2E3CA0C}.Debug|ARM64.ActiveCfg = Debug|ARM64
		{232EC468-9716-45AC-9266-9018A2E3CA0C}.Debug|ARM64.Build.0 = Debug|ARM64
		{232EC468-9716-45AC-9266-9018A2E3CA0C}.Debug|x64.ActiveCfg = Debug|x64
		{232EC468-9716-45AC-9266-9018A2E3CA0C}.Debug|x64.Build.0 = Debug|x64
		{232EC468-9716-45AC-9266-9018A2E3CA0C}.Debug|x86.ActiveCfg = Debug|Win32
		{232EC468-9716-45AC-9266-9018A2E3CA0C}.Debug|x86.Build.0 = Debug|Win32
		{232EC468-9716-45AC-9266-9018A2E3CA0C}.Release|ARM64.ActiveCfg = Release|ARM64
		{232EC468-9716-45AC-9266-9018A2E3CA0C}.Release|ARM64.Build.0 = Release|ARM64
		{232EC468-9716-45AC-9266-9018A2E3CA0C}.Release|x64.ActiveCfg = Release|x64
		{232EC468-9716-45AC-9266-9018A2E3CA0C}.Release|x64.Build.0 = Release|x64
		{232EC468-9716-45AC-9266-9018A2E3CA0C}.Release|x86.ActiveCfg = Release|Win32
		{232EC468-9716-45AC-9266-9018A2E3CA0C}.Release|x86.Build.0 = Release|Win32
		{B6191E9C-29B0-4C09-B9F2-2F2E1C69677B}.Debug|ARM64.ActiveCfg = Debug|x64
		{B6191E9C-29B0-4C09-B9F2-2F2E1C69677B}.Debug|ARM64.Build.0 = Debug|x64
		{B6191E9C-29B0-4C09-B9F2-2F2E1C69677B}.Debug|x64.ActiveCfg = Debug|x64
		{B6191E9C-29B0-4C09-B9F2-2F2E1C69677B}.Debug|x64.Build.0 = Debug|x64
		{B6191E9C-29B0-4C09-B9F2-2F2E1C69677B}.Debug|x86.ActiveCfg = Debug|Win32
		{B6191E9C-29B0-4C09-B9F2-2F2E1C69677B}.Debug|x86.Build.0 = Debug|Win32
		{B6191E9C-29B0-4C09-B9F2-2F2E1C69677B}.Release|ARM64.ActiveCfg = Release|x64
		{B6191E9C-29B0-4C09-B9F2-2F2E1C69677B}.Release|ARM64.Build.0 = Release|x64
		{B6191E9C-29B0-4C09-B9F2-2F2E1C69677B}.Release|x64.ActiveCfg = Release|x64
		{B6191E9C-29B0-4C09-B9F2-2F2E1C69677B}.Release|x64.Build.0 = Release|x64
		{B6191E9C-29B0-4C09-B9F2-2F2E1C69677B}.Release|x86.ActiveCfg = Release|Win32
		{B6191E9C-29B0-4C09-B9F2-2F2E1C69677B}.Release|x86.Build.0 = Release|Win32
	EndGlobalSection
	GlobalSection(SolutionProperties) = preSolution
		HideSolutionNode = FALSE
	EndGlobalSection
	GlobalSection(ExtensibilityGlobals) = postSolution
		SolutionGuid = {8E626A5A-990C-47ED-860C-DAE46E23C723}
	EndGlobalSection
EndGlobal
